
Microsoft Visual Studio Solution File, Format Version 11.00
# Visual Studio 2010
Project("{FAE04EC0-301F-11D3-BF4B-00C04F79EFBC}") = "PhoneBook.Console", "PhoneBook.Console\PhoneBook.Console.csproj", "{D5102922-D252-42C1-AD94-BB09ED39394F}"
EndProject
Project("{FAE04EC0-301F-11D3-BF4B-00C04F79EFBC}") = "PhoneBook.Domain", "PhoneBook.Domain\PhoneBook.Domain.csproj", "{C7D88A2E-2B53-4CA9-9F0D-80B5AAA40C5C}"
EndProject
Global
	GlobalSection(SolutionConfigurationPlatforms) = preSolution
		Debug|Any CPU = Debug|Any CPU
		Debug|Mixed Platforms = Debug|Mixed Platforms
		Debug|x86 = Debug|x86
		Release|Any CPU = Release|Any CPU
		Release|Mixed Platforms = Release|Mixed Platforms
		Release|x86 = Release|x86
	EndGlobalSection
	GlobalSection(ProjectConfigurationPlatforms) = postSolution
		{D5102922-D252-42C1-AD94-BB09ED39394F}.Debug|Any CPU.ActiveCfg = Debug|x86
		{D5102922-D252-42C1-AD94-BB09ED39394F}.Debug|Mixed Platforms.ActiveCfg = Debug|x86
		{D5102922-D252-42C1-AD94-BB09ED39394F}.Debug|Mixed Platforms.Build.0 = Debug|x86
		{D5102922-D252-42C1-AD94-BB09ED39394F}.Debug|x86.ActiveCfg = Debug|x86
		{D5102922-D252-42C1-AD94-BB09ED39394F}.Debug|x86.Build.0 = Debug|x86
		{D5102922-D252-42C1-AD94-BB09ED39394F}.Release|Any CPU.ActiveCfg = Release|x86
		{D5102922-D252-42C1-AD94-BB09ED39394F}.Release|Mixed Platforms.ActiveCfg = Release|x86
		{D5102922-D252-42C1-AD94-BB09ED39394F}.Release|Mixed Platforms.Build.0 = Release|x86
		{D5102922-D252-42C1-AD94-BB09ED39394F}.Release|x86.ActiveCfg = Release|x86
		{D5102922-D252-42C1-AD94-BB09ED39394F}.Release|x86.Build.0 = Release|x86
		{C7D88A2E-2B53-4CA9-9F0D-80B5AAA40C5C}.Debug|Any CPU.ActiveCfg = Debug|Any CPU
		{C7D88A2E-2B53-4CA9-9F0D-80B5AAA40C5C}.Debug|Any CPU.Build.0 = Debug|Any CPU
		{C7D88A2E-2B53-4CA9-9F0D-80B5AAA40C5C}.Debug|Mixed Platforms.ActiveCfg = Debug|Any CPU
		{C7D88A2E-2B53-4CA9-9F0D-80B5AAA40C5C}.Debug|Mixed Platforms.Build.0 = Debug|Any CPU
		{C7D88A2E-2B53-4CA9-9F0D-80B5AAA40C5C}.Debug|x86.ActiveCfg = Debug|Any CPU
		{C7D88A2E-2B53-4CA9-9F0D-80B5AAA40C5C}.Release|Any CPU.ActiveCfg = Release|Any CPU
		{C7D88A2E-2B53-4CA9-9F0D-80B5AAA40C5C}.Release|Any CPU.Build.0 = Release|Any CPU
		{C7D88A2E-2B53-4CA9-9F0D-80B5AAA40C5C}.Release|Mixed Platforms.ActiveCfg = Release|Any CPU
		{C7D88A2E-2B53-4CA9-9F0D-80B5AAA40C5C}.Release|Mixed Platforms.Build.0 = Release|Any CPU
		{C7D88A2E-2B53-4CA9-9F0D-80B5AAA40C5C}.Release|x86.ActiveCfg = Release|Any CPU
	EndGlobalSection
	GlobalSection(SolutionProperties) = preSolution
		HideSolutionNode = FALSE
	EndGlobalSection
EndGlobal
